
Microsoft Visual Studio Solution File, Format Version 12.00
# Visual Studio 2012
Project("{FAE04EC0-301F-11D3-BF4B-00C04F79EFBC}") = "ContextDemo", "ContextDemo\ContextDemo.csproj", "{DD10B1CB-A792-49A4-BAAC-ECC4EEC56035}"
EndProject
Global
	GlobalSection(SolutionConfigurationPlatforms) = preSolution
		Debug|iPhoneSimulator = Debug|iPhoneSimulator
		Release|iPhone = Release|iPhone
		Release|iPhoneSimulator = Release|iPhoneSimulator
		Debug|iPhone = Debug|iPhone
	EndGlobalSection
	GlobalSection(ProjectConfigurationPlatforms) = postSolution
		{DD10B1CB-A792-49A4-BAAC-ECC4EEC56035}.Debug|iPhone.ActiveCfg = Debug|iPhone
		{DD10B1CB-A792-49A4-BAAC-ECC4EEC56035}.Debug|iPhone.Build.0 = Debug|iPhone
		{DD10B1CB-A792-49A4-BAAC-ECC4EEC56035}.Debug|iPhoneSimulator.ActiveCfg = Debug|iPhoneSimulator
		{DD10B1CB-A792-49A4-BAAC-ECC4EEC56035}.Debug|iPhoneSimulator.Build.0 = Debug|iPhoneSimulator
		{DD10B1CB-A792-49A4-BAAC-ECC4EEC56035}.Release|iPhone.ActiveCfg = Release|iPhone
		{DD10B1CB-A792-49A4-BAAC-ECC4EEC56035}.Release|iPhone.Build.0 = Release|iPhone
		{DD10B1CB-A792-49A4-BAAC-ECC4EEC56035}.Release|iPhoneSimulator.ActiveCfg = Release|iPhoneSimulator
		{DD10B1CB-A792-49A4-BAAC-ECC4EEC56035}.Release|iPhoneSimulator.Build.0 = Release|iPhoneSimulator
	EndGlobalSection
EndGlobal
